
Microsoft Visual Studio Solution File, Format Version 12.00
# Visual Studio Version 16
VisualStudioVersion = 16.0.31321.278
MinimumVisualStudioVersion = 10.0.40219.1
Project("{9A19103F-16F7-4668-BE54-9A1E7A4F7556}") = "simpleTaxi", "simpleTaxi\simpleTaxi.csproj", "{A84AB915-1F73-40AD-BD55-AD49EE8F1F32}"
EndProject
Project("{9A19103F-16F7-4668-BE54-9A1E7A4F7556}") = "Entites", "Entites\Entites.csproj", "{1905BE05-BDDF-4B99-B28D-2D58C8620F18}"
EndProject
Project("{9A19103F-16F7-4668-BE54-9A1E7A4F7556}") = "Dtos", "Dtos\Dtos.csproj", "{A8D74ED6-0495-4CB7-B595-2B7A4DADFF44}"
EndProject
Project("{FAE04EC0-301F-11D3-BF4B-00C04F79EFBC}") = "Utlits", "Utlits\Utlits.csproj", "{712BFE6C-5A00-43A2-80B1-4BD8FA955F57}"
EndProject
Global
	GlobalSection(SolutionConfigurationPlatforms) = preSolution
		Debug|Any CPU = Debug|Any CPU
		Release|Any CPU = Release|Any CPU
	EndGlobalSection
	GlobalSection(ProjectConfigurationPlatforms) = postSolution
		{A84AB915-1F73-40AD-BD55-AD49EE8F1F32}.Debug|Any CPU.ActiveCfg = Debug|Any CPU
		{A84AB915-1F73-40AD-BD55-AD49EE8F1F32}.Debug|Any CPU.Build.0 = Debug|Any CPU
		{A84AB915-1F73-40AD-BD55-AD49EE8F1F32}.Release|Any CPU.ActiveCfg = Release|Any CPU
		{A84AB915-1F73-40AD-BD55-AD49EE8F1F32}.Release|Any CPU.Build.0 = Release|Any CPU
		{1905BE05-BDDF-4B99-B28D-2D58C8620F18}.Debug|Any CPU.ActiveCfg = Debug|Any CPU
		{1905BE05-BDDF-4B99-B28D-2D58C8620F18}.Debug|Any CPU.Build.0 = Debug|Any CPU
		{1905BE05-BDDF-4B99-B28D-2D58C8620F18}.Release|Any CPU.ActiveCfg = Release|Any CPU
		{1905BE05-BDDF-4B99-B28D-2D58C8620F18}.Release|Any CPU.Build.0 = Release|Any CPU
		{A8D74ED6-0495-4CB7-B595-2B7A4DADFF44}.Debug|Any CPU.ActiveCfg = Debug|Any CPU
		{A8D74ED6-0495-4CB7-B595-2B7A4DADFF44}.Debug|Any CPU.Build.0 = Debug|Any CPU
		{A8D74ED6-0495-4CB7-B595-2B7A4DADFF44}.Release|Any CPU.ActiveCfg = Release|Any CPU
		{A8D74ED6-0495-4CB7-B595-2B7A4DADFF44}.Release|Any CPU.Build.0 = Release|Any CPU
		{712BFE6C-5A00-43A2-80B1-4BD8FA955F57}.Debug|Any CPU.ActiveCfg = Debug|Any CPU
		{712BFE6C-5A00-43A2-80B1-4BD8FA955F57}.Debug|Any CPU.Build.0 = Debug|Any CPU
		{712BFE6C-5A00-43A2-80B1-4BD8FA955F57}.Release|Any CPU.ActiveCfg = Release|Any CPU
		{712BFE6C-5A00-43A2-80B1-4BD8FA955F57}.Release|Any CPU.Build.0 = Release|Any CPU
	EndGlobalSection
	GlobalSection(SolutionProperties) = preSolution
		HideSolutionNode = FALSE
	EndGlobalSection
	GlobalSection(ExtensibilityGlobals) = postSolution
		SolutionGuid = {EA9F85D6-7672-4C48-9ED0-8C81EF1AC19D}
	EndGlobalSection
EndGlobal
